
Microsoft Visual Studio Solution File, Format Version 12.00
# Visual Studio 15
VisualStudioVersion = 15.0.26430.14
MinimumVisualStudioVersion = 10.0.40219.1
Project("{FAE04EC0-301F-11D3-BF4B-00C04F79EFBC}") = "TesteDryIoC.Generic", "TesteDryIoC.Dinamica\TesteDryIoC.Generic.csproj", "{3C3EBFD0-773E-4580-B93A-E15D79DAD0C4}"
EndProject
Project("{FAE04EC0-301F-11D3-BF4B-00C04F79EFBC}") = "WebAppInsinghts", "WebAppInsinghts\WebAppInsinghts\WebAppInsinghts.csproj", "{0025D386-5081-4FE0-8611-58758B0A74F7}"
EndProject
Project("{FAE04EC0-301F-11D3-BF4B-00C04F79EFBC}") = "CircuitBreakingPolly", "CircuitBreakingPolly\CircuitBreakingPolly.csproj", "{1BDF2265-C7B4-4C91-A2AA-054A43BED43A}"
EndProject
Project("{FAE04EC0-301F-11D3-BF4B-00C04F79EFBC}") = "Idempotent Messages", "Idempotent Messages\Idempotent Messages.csproj", "{C81D3CA6-C64C-4BE2-A6F3-B67CF037FFA0}"
EndProject
Project("{FAE04EC0-301F-11D3-BF4B-00C04F79EFBC}") = "NHSecondLevelCache", "NHSecondLevelCache\NHSecondLevelCache.csproj", "{56A887F7-F231-43B0-B905-F46DF7F25A89}"
EndProject
Project("{2150E333-8FDC-42A3-9474-1A3956D46DE8}") = "SecondLevelCacheRedis", "SecondLevelCacheRedis", "{A0D4875A-9F30-4AF1-95FC-DDA41574649C}"
EndProject
Project("{FAE04EC0-301F-11D3-BF4B-00C04F79EFBC}") = "Configuration", "Configuration\Configuration.csproj", "{889DDFC8-54F7-420C-99DB-7EFD94E7B950}"
EndProject
Project("{FAE04EC0-301F-11D3-BF4B-00C04F79EFBC}") = "Common", "Common\Common.csproj", "{2ED15E8A-B646-4867-B3F3-F43F0F1FE61B}"
EndProject
Project("{FAE04EC0-301F-11D3-BF4B-00C04F79EFBC}") = "CacheTests", "CacheTests\CacheTests.csproj", "{D34495E1-474A-4432-B444-A842C3A687DE}"
EndProject
Project("{FAE04EC0-301F-11D3-BF4B-00C04F79EFBC}") = "Infrastructure", "Infrastructure\Infrastructure.csproj", "{00D35896-27DD-4BF8-8E4F-3BF4E998D5CB}"
EndProject
Global
	GlobalSection(SolutionConfigurationPlatforms) = preSolution
		Debug|Any CPU = Debug|Any CPU
		Release|Any CPU = Release|Any CPU
	EndGlobalSection
	GlobalSection(ProjectConfigurationPlatforms) = postSolution
		{3C3EBFD0-773E-4580-B93A-E15D79DAD0C4}.Debug|Any CPU.ActiveCfg = Debug|Any CPU
		{3C3EBFD0-773E-4580-B93A-E15D79DAD0C4}.Debug|Any CPU.Build.0 = Debug|Any CPU
		{3C3EBFD0-773E-4580-B93A-E15D79DAD0C4}.Release|Any CPU.ActiveCfg = Release|Any CPU
		{3C3EBFD0-773E-4580-B93A-E15D79DAD0C4}.Release|Any CPU.Build.0 = Release|Any CPU
		{0025D386-5081-4FE0-8611-58758B0A74F7}.Debug|Any CPU.ActiveCfg = Debug|Any CPU
		{0025D386-5081-4FE0-8611-58758B0A74F7}.Debug|Any CPU.Build.0 = Debug|Any CPU
		{0025D386-5081-4FE0-8611-58758B0A74F7}.Release|Any CPU.ActiveCfg = Release|Any CPU
		{0025D386-5081-4FE0-8611-58758B0A74F7}.Release|Any CPU.Build.0 = Release|Any CPU
		{1BDF2265-C7B4-4C91-A2AA-054A43BED43A}.Debug|Any CPU.ActiveCfg = Debug|Any CPU
		{1BDF2265-C7B4-4C91-A2AA-054A43BED43A}.Debug|Any CPU.Build.0 = Debug|Any CPU
		{1BDF2265-C7B4-4C91-A2AA-054A43BED43A}.Release|Any CPU.ActiveCfg = Release|Any CPU
		{1BDF2265-C7B4-4C91-A2AA-054A43BED43A}.Release|Any CPU.Build.0 = Release|Any CPU
		{C81D3CA6-C64C-4BE2-A6F3-B67CF037FFA0}.Debug|Any CPU.ActiveCfg = Debug|Any CPU
		{C81D3CA6-C64C-4BE2-A6F3-B67CF037FFA0}.Debug|Any CPU.Build.0 = Debug|Any CPU
		{C81D3CA6-C64C-4BE2-A6F3-B67CF037FFA0}.Release|Any CPU.ActiveCfg = Release|Any CPU
		{C81D3CA6-C64C-4BE2-A6F3-B67CF037FFA0}.Release|Any CPU.Build.0 = Release|Any CPU
		{56A887F7-F231-43B0-B905-F46DF7F25A89}.Debug|Any CPU.ActiveCfg = Debug|Any CPU
		{56A887F7-F231-43B0-B905-F46DF7F25A89}.Debug|Any CPU.Build.0 = Debug|Any CPU
		{56A887F7-F231-43B0-B905-F46DF7F25A89}.Release|Any CPU.ActiveCfg = Release|Any CPU
		{56A887F7-F231-43B0-B905-F46DF7F25A89}.Release|Any CPU.Build.0 = Release|Any CPU
		{889DDFC8-54F7-420C-99DB-7EFD94E7B950}.Debug|Any CPU.ActiveCfg = Debug|Any CPU
		{889DDFC8-54F7-420C-99DB-7EFD94E7B950}.Debug|Any CPU.Build.0 = Debug|Any CPU
		{889DDFC8-54F7-420C-99DB-7EFD94E7B950}.Release|Any CPU.ActiveCfg = Release|Any CPU
		{889DDFC8-54F7-420C-99DB-7EFD94E7B950}.Release|Any CPU.Build.0 = Release|Any CPU
		{2ED15E8A-B646-4867-B3F3-F43F0F1FE61B}.Debug|Any CPU.ActiveCfg = Debug|Any CPU
		{2ED15E8A-B646-4867-B3F3-F43F0F1FE61B}.Debug|Any CPU.Build.0 = Debug|Any CPU
		{2ED15E8A-B646-4867-B3F3-F43F0F1FE61B}.Release|Any CPU.ActiveCfg = Release|Any CPU
		{2ED15E8A-B646-4867-B3F3-F43F0F1FE61B}.Release|Any CPU.Build.0 = Release|Any CPU
		{D34495E1-474A-4432-B444-A842C3A687DE}.Debug|Any CPU.ActiveCfg = Debug|Any CPU
		{D34495E1-474A-4432-B444-A842C3A687DE}.Debug|Any CPU.Build.0 = Debug|Any CPU
		{D34495E1-474A-4432-B444-A842C3A687DE}.Release|Any CPU.ActiveCfg = Release|Any CPU
		{D34495E1-474A-4432-B444-A842C3A687DE}.Release|Any CPU.Build.0 = Release|Any CPU
		{00D35896-27DD-4BF8-8E4F-3BF4E998D5CB}.Debug|Any CPU.ActiveCfg = Debug|Any CPU
		{00D35896-27DD-4BF8-8E4F-3BF4E998D5CB}.Debug|Any CPU.Build.0 = Debug|Any CPU
		{00D35896-27DD-4BF8-8E4F-3BF4E998D5CB}.Release|Any CPU.ActiveCfg = Release|Any CPU
		{00D35896-27DD-4BF8-8E4F-3BF4E998D5CB}.Release|Any CPU.Build.0 = Release|Any CPU
	EndGlobalSection
	GlobalSection(SolutionProperties) = preSolution
		HideSolutionNode = FALSE
	EndGlobalSection
	GlobalSection(NestedProjects) = preSolution
		{889DDFC8-54F7-420C-99DB-7EFD94E7B950} = {A0D4875A-9F30-4AF1-95FC-DDA41574649C}
		{2ED15E8A-B646-4867-B3F3-F43F0F1FE61B} = {A0D4875A-9F30-4AF1-95FC-DDA41574649C}
		{D34495E1-474A-4432-B444-A842C3A687DE} = {A0D4875A-9F30-4AF1-95FC-DDA41574649C}
	EndGlobalSection
	GlobalSection(ExtensibilityGlobals) = postSolution
		SolutionGuid = {D102DCA2-8366-4FB5-BEDB-66127383611C}
	EndGlobalSection
EndGlobal
